// !$*UTF8*$!
{
	archiveVersion = 1;
	classes = {
	};
	objectVersion = 50;
	objects = {

/* Begin PBXBuildFile section */
		110FCF20266D32DC00316254 /* AppDelegate.swift in Sources */ = {isa = PBXBuildFile; fileRef = 110FCF1F266D32DC00316254 /* AppDelegate.swift */; };
		110FCF22266D32DC00316254 /* SceneDelegate.swift in Sources */ = {isa = PBXBuildFile; fileRef = 110FCF21266D32DC00316254 /* SceneDelegate.swift */; };
		110FCF24266D32DC00316254 /* ViewController.swift in Sources */ = {isa = PBXBuildFile; fileRef = 110FCF23266D32DC00316254 /* ViewController.swift */; };
		110FCF27266D32DC00316254 /* Main.storyboard in Resources */ = {isa = PBXBuildFile; fileRef = 110FCF25266D32DC00316254 /* Main.storyboard */; };
		110FCF29266D32DE00316254 /* Assets.xcassets in Resources */ = {isa = PBXBuildFile; fileRef = 110FCF28266D32DE00316254 /* Assets.xcassets */; };
		110FCF2C266D32DE00316254 /* LaunchScreen.storyboard in Resources */ = {isa = PBXBuildFile; fileRef = 110FCF2A266D32DE00316254 /* LaunchScreen.storyboard */; };
		110FCF3D266D50E000316254 /* Viagem.swift in Sources */ = {isa = PBXBuildFile; fileRef = 110FCF3C266D50E000316254 /* Viagem.swift */; };
		110FCF40266D527C00316254 /* ViagemDAO.swift in Sources */ = {isa = PBXBuildFile; fileRef = 110FCF3F266D527C00316254 /* ViagemDAO.swift */; };
		110FCF43266D544400316254 /* TableViewCellController.swift in Sources */ = {isa = PBXBuildFile; fileRef = 110FCF42266D544400316254 /* TableViewCellController.swift */; };
		110FCF46266D560600316254 /* Assets in Resources */ = {isa = PBXBuildFile; fileRef = 110FCF45266D560600316254 /* Assets */; };
		115D28DA266E87DE007666E0 /* PacotesViagensViewController.swift in Sources */ = {isa = PBXBuildFile; fileRef = 115D28D9266E87DE007666E0 /* PacotesViagensViewController.swift */; };
		115D28DD266E88BE007666E0 /* PacoteViagemCollectionViewCell.swift in Sources */ = {isa = PBXBuildFile; fileRef = 115D28DC266E88BE007666E0 /* PacoteViagemCollectionViewCell.swift */; };
/* End PBXBuildFile section */

/* Begin PBXFileReference section */
		110FCF1C266D32DC00316254 /* GViagens.app */ = {isa = PBXFileReference; explicitFileType = wrapper.application; includeInIndex = 0; path = GViagens.app; sourceTree = BUILT_PRODUCTS_DIR; };
		110FCF1F266D32DC00316254 /* AppDelegate.swift */ = {isa = PBXFileReference; lastKnownFileType = sourcecode.swift; path = AppDelegate.swift; sourceTree = "<group>"; };
		110FCF21266D32DC00316254 /* SceneDelegate.swift */ = {isa = PBXFileReference; lastKnownFileType = sourcecode.swift; path = SceneDelegate.swift; sourceTree = "<group>"; };
		110FCF23266D32DC00316254 /* ViewController.swift */ = {isa = PBXFileReference; lastKnownFileType = sourcecode.swift; path = ViewController.swift; sourceTree = "<group>"; };
		110FCF26266D32DC00316254 /* Base */ = {isa = PBXFileReference; lastKnownFileType = file.storyboard; name = Base; path = Base.lproj/Main.storyboard; sourceTree = "<group>"; };
		110FCF28266D32DE00316254 /* Assets.xcassets */ = {isa = PBXFileReference; lastKnownFileType = folder.assetcatalog; path = Assets.xcassets; sourceTree = "<group>"; };
		110FCF2B266D32DE00316254 /* Base */ = {isa = PBXFileReference; lastKnownFileType = file.storyboard; name = Base; path = Base.lproj/LaunchScreen.storyboard; sourceTree = "<group>"; };
		110FCF2D266D32DE00316254 /* Info.plist */ = {isa = PBXFileReference; lastKnownFileType = text.plist.xml; path = Info.plist; sourceTree = "<group>"; };
		110FCF3C266D50E000316254 /* Viagem.swift */ = {isa = PBXFileReference; lastKnownFileType = sourcecode.swift; path = Viagem.swift; sourceTree = "<group>"; };
		110FCF3F266D527C00316254 /* ViagemDAO.swift */ = {isa = PBXFileReference; fileEncoding = 4; lastKnownFileType = sourcecode.swift; path = ViagemDAO.swift; sourceTree = "<group>"; };
		110FCF42266D544400316254 /* TableViewCellController.swift */ = {isa = PBXFileReference; lastKnownFileType = sourcecode.swift; path = TableViewCellController.swift; sourceTree = "<group>"; };
		110FCF45266D560600316254 /* Assets */ = {isa = PBXFileReference; lastKnownFileType = folder; path = Assets; sourceTree = "<group>"; };
		115D28D9266E87DE007666E0 /* PacotesViagensViewController.swift */ = {isa = PBXFileReference; lastKnownFileType = sourcecode.swift; path = PacotesViagensViewController.swift; sourceTree = "<group>"; };
		115D28DC266E88BE007666E0 /* PacoteViagemCollectionViewCell.swift */ = {isa = PBXFileReference; lastKnownFileType = sourcecode.swift; path = PacoteViagemCollectionViewCell.swift; sourceTree = "<group>"; };
/* End PBXFileReference section */

/* Begin PBXFrameworksBuildPhase section */
		110FCF19266D32DC00316254 /* Frameworks */ = {
			isa = PBXFrameworksBuildPhase;
			buildActionMask = 2147483647;
			files = (
			);
			runOnlyForDeploymentPostprocessing = 0;
		};
/* End PBXFrameworksBuildPhase section */

/* Begin PBXGroup section */
		110FCF13266D32DC00316254 = {
			isa = PBXGroup;
			children = (
				110FCF1E266D32DC00316254 /* GViagens */,
				110FCF1D266D32DC00316254 /* Products */,
			);
			sourceTree = "<group>";
		};
		110FCF1D266D32DC00316254 /* Products */ = {
			isa = PBXGroup;
			children = (
				110FCF1C266D32DC00316254 /* GViagens.app */,
			);
			name = Products;
			sourceTree = "<group>";
		};
		110FCF1E266D32DC00316254 /* GViagens */ = {
			isa = PBXGroup;
			children = (
				115D28D6266E87B2007666E0 /* Pacotes */,
				110FCF1F266D32DC00316254 /* AppDelegate.swift */,
				110FCF21266D32DC00316254 /* SceneDelegate.swift */,
				110FCF37266D331B00316254 /* Model */,
				110FCF35266D330C00316254 /* Controller */,
				110FCF39266D332600316254 /* View */,
				110FCF28266D32DE00316254 /* Assets.xcassets */,
				110FCF45266D560600316254 /* Assets */,
				110FCF2A266D32DE00316254 /* LaunchScreen.storyboard */,
				110FCF2D266D32DE00316254 /* Info.plist */,
			);
			path = GViagens;
			sourceTree = "<group>";
		};
		110FCF35266D330C00316254 /* Controller */ = {
			isa = PBXGroup;
			children = (
				110FCF23266D32DC00316254 /* ViewController.swift */,
				110FCF42266D544400316254 /* TableViewCellController.swift */,
			);
			path = Controller;
			sourceTree = "<group>";
		};
		110FCF37266D331B00316254 /* Model */ = {
			isa = PBXGroup;
			children = (
				110FCF3C266D50E000316254 /* Viagem.swift */,
				110FCF3F266D527C00316254 /* ViagemDAO.swift */,
			);
			path = Model;
			sourceTree = "<group>";
		};
		110FCF39266D332600316254 /* View */ = {
			isa = PBXGroup;
			children = (
				110FCF25266D32DC00316254 /* Main.storyboard */,
			);
			path = View;
			sourceTree = "<group>";
		};
		115D28D6266E87B2007666E0 /* Pacotes */ = {
			isa = PBXGroup;
			children = (
				115D28D8266E87BE007666E0 /* View */,
				115D28D7266E87B9007666E0 /* Controller */,
			);
			path = Pacotes;
			sourceTree = "<group>";
		};
		115D28D7266E87B9007666E0 /* Controller */ = {
			isa = PBXGroup;
			children = (
				115D28D9266E87DE007666E0 /* PacotesViagensViewController.swift */,
				115D28DC266E88BE007666E0 /* PacoteViagemCollectionViewCell.swift */,
			);
			path = Controller;
			sourceTree = "<group>";
		};
		115D28D8266E87BE007666E0 /* View */ = {
			isa = PBXGroup;
			children = (
			);
			path = View;
			sourceTree = "<group>";
		};
/* End PBXGroup section */

/* Begin PBXNativeTarget section */
		110FCF1B266D32DC00316254 /* GViagens */ = {
			isa = PBXNativeTarget;
			buildConfigurationList = 110FCF30266D32DE00316254 /* Build configuration list for PBXNativeTarget "GViagens" */;
			buildPhases = (
				110FCF18266D32DC00316254 /* Sources */,
				110FCF19266D32DC00316254 /* Frameworks */,
				110FCF1A266D32DC00316254 /* Resources */,
			);
			buildRules = (
			);
			dependencies = (
			);
			name = GViagens;
			productName = GViagens;
			productReference = 110FCF1C266D32DC00316254 /* GViagens.app */;
			productType = "com.apple.product-type.application";
		};
/* End PBXNativeTarget section */

/* Begin PBXProject section */
		110FCF14266D32DC00316254 /* Project object */ = {
			isa = PBXProject;
			attributes = {
				LastSwiftUpdateCheck = 1230;
				LastUpgradeCheck = 1230;
				TargetAttributes = {
					110FCF1B266D32DC00316254 = {
						CreatedOnToolsVersion = 12.3;
					};
				};
			};
			buildConfigurationList = 110FCF17266D32DC00316254 /* Build configuration list for PBXProject "GViagens" */;
			compatibilityVersion = "Xcode 9.3";
			developmentRegion = en;
			hasScannedForEncodings = 0;
			knownRegions = (
				en,
				Base,
			);
			mainGroup = 110FCF13266D32DC00316254;
			productRefGroup = 110FCF1D266D32DC00316254 /* Products */;
			projectDirPath = "";
			projectRoot = "";
			targets = (
				110FCF1B266D32DC00316254 /* GViagens */,
			);
		};
/* End PBXProject section */

/* Begin PBXResourcesBuildPhase section */
		110FCF1A266D32DC00316254 /* Resources */ = {
			isa = PBXResourcesBuildPhase;
			buildActionMask = 2147483647;
			files = (
				110FCF2C266D32DE00316254 /* LaunchScreen.storyboard in Resources */,
				110FCF46266D560600316254 /* Assets in Resources */,
				110FCF29266D32DE00316254 /* Assets.xcassets in Resources */,
				110FCF27266D32DC00316254 /* Main.storyboard in Resources */,
			);
			runOnlyForDeploymentPostprocessing = 0;
		};
/* End PBXResourcesBuildPhase section */

/* Begin PBXSourcesBuildPhase section */
		110FCF18266D32DC00316254 /* Sources */ = {
			isa = PBXSourcesBuildPhase;
			buildActionMask = 2147483647;
			files = (
				115D28DA266E87DE007666E0 /* PacotesViagensViewController.swift in Sources */,
				110FCF3D266D50E000316254 /* Viagem.swift in Sources */,
				110FCF43266D544400316254 /* TableViewCellController.swift in Sources */,
				115D28DD266E88BE007666E0 /* PacoteViagemCollectionViewCell.swift in Sources */,
				110FCF40266D527C00316254 /* ViagemDAO.swift in Sources */,
				110FCF24266D32DC00316254 /* ViewController.swift in Sources */,
				110FCF20266D32DC00316254 /* AppDelegate.swift in Sources */,
				110FCF22266D32DC00316254 /* SceneDelegate.swift in Sources */,
			);
			runOnlyForDeploymentPostprocessing = 0;
		};
/* End PBXSourcesBuildPhase section */

/* Begin PBXVariantGroup section */
		110FCF25266D32DC00316254 /* Main.storyboard */ = {
			isa = PBXVariantGroup;
			children = (
				110FCF26266D32DC00316254 /* Base */,
			);
			name = Main.storyboard;
			sourceTree = "<group>";
		};
		110FCF2A266D32DE00316254 /* LaunchScreen.storyboard */ = {
			isa = PBXVariantGroup;
			children = (
				110FCF2B266D32DE00316254 /* Base */,
			);
			name = LaunchScreen.storyboard;
			sourceTree = "<group>";
		};
/* End PBXVariantGroup section */

/* Begin XCBuildConfiguration section */
		110FCF2E266D32DE00316254 /* Debug */ = {
			isa = XCBuildConfiguration;
			buildSettings = {
				ALWAYS_SEARCH_USER_PATHS = NO;
				CLANG_ANALYZER_NONNULL = YES;
				CLANG_ANALYZER_NUMBER_OBJECT_CONVERSION = YES_AGGRESSIVE;
				CLANG_CXX_LANGUAGE_STANDARD = "gnu++14";
				CLANG_CXX_LIBRARY = "libc++";
				CLANG_ENABLE_MODULES = YES;
				CLANG_ENABLE_OBJC_ARC = YES;
				CLANG_ENABLE_OBJC_WEAK = YES;
				CLANG_WARN_BLOCK_CAPTURE_AUTORELEASING = YES;
				CLANG_WARN_BOOL_CONVERSION = YES;
				CLANG_WARN_COMMA = YES;
				CLANG_WARN_CONSTANT_CONVERSION = YES;
				CLANG_WARN_DEPRECATED_OBJC_IMPLEMENTATIONS = YES;
				CLANG_WARN_DIRECT_OBJC_ISA_USAGE = YES_ERROR;
				CLANG_WARN_DOCUMENTATION_COMMENTS = YES;
				CLANG_WARN_EMPTY_BODY = YES;
				CLANG_WARN_ENUM_CONVERSION = YES;
				CLANG_WARN_INFINITE_RECURSION = YES;
				CLANG_WARN_INT_CONVERSION = YES;
				CLANG_WARN_NON_LITERAL_NULL_CONVERSION = YES;
				CLANG_WARN_OBJC_IMPLICIT_RETAIN_SELF = YES;
				CLANG_WARN_OBJC_LITERAL_CONVERSION = YES;
				CLANG_WARN_OBJC_ROOT_CLASS = YES_ERROR;
				CLANG_WARN_QUOTED_INCLUDE_IN_FRAMEWORK_HEADER = YES;
				CLANG_WARN_RANGE_LOOP_ANALYSIS = YES;
				CLANG_WARN_STRICT_PROTOTYPES = YES;
				CLANG_WARN_SUSPICIOUS_MOVE = YES;
				CLANG_WARN_UNGUARDED_AVAILABILITY = YES_AGGRESSIVE;
				CLANG_WARN_UNREACHABLE_CODE = YES;
				CLANG_WARN__DUPLICATE_METHOD_MATCH = YES;
				COPY_PHASE_STRIP = NO;
				DEBUG_INFORMATION_FORMAT = dwarf;
				ENABLE_STRICT_OBJC_MSGSEND = YES;
				ENABLE_TESTABILITY = YES;
				GCC_C_LANGUAGE_STANDARD = gnu11;
				GCC_DYNAMIC_NO_PIC = NO;
				GCC_NO_COMMON_BLOCKS = YES;
				GCC_OPTIMIZATION_LEVEL = 0;
				GCC_PREPROCESSOR_DEFINITIONS = (
					"DEBUG=1",
					"$(inherited)",
				);
				GCC_WARN_64_TO_32_BIT_CONVERSION = YES;
				GCC_WARN_ABOUT_RETURN_TYPE = YES_ERROR;
				GCC_WARN_UNDECLARED_SELECTOR = YES;
				GCC_WARN_UNINITIALIZED_AUTOS = YES_AGGRESSIVE;
				GCC_WARN_UNUSED_FUNCTION = YES;
				GCC_WARN_UNUSED_VARIABLE = YES;
				IPHONEOS_DEPLOYMENT_TARGET = 14.3;
				MTL_ENABLE_DEBUG_INFO = INCLUDE_SOURCE;
				MTL_FAST_MATH = YES;
				ONLY_ACTIVE_ARCH = YES;
				SDKROOT = iphoneos;
				SWIFT_ACTIVE_COMPILATION_CONDITIONS = DEBUG;
				SWIFT_OPTIMIZATION_LEVEL = "-Onone";
			};
			name = Debug;
		};
		110FCF2F266D32DE00316254 /* Release */ = {
			isa = XCBuildConfiguration;
			buildSettings = {
				ALWAYS_SEARCH_USER_PATHS = NO;
				CLANG_ANALYZER_NONNULL = YES;
				CLANG_ANALYZER_NUMBER_OBJECT_CONVERSION = YES_AGGRESSIVE;
				CLANG_CXX_LANGUAGE_STANDARD = "gnu++14";
				CLANG_CXX_LIBRARY = "libc++";
				CLANG_ENABLE_MODULES = YES;
				CLANG_ENABLE_OBJC_ARC = YES;
				CLANG_ENABLE_OBJC_WEAK = YES;
				CLANG_WARN_BLOCK_CAPTURE_AUTORELEASING = YES;
				CLANG_WARN_BOOL_CONVERSION = YES;
				CLANG_WARN_COMMA = YES;
				CLANG_WARN_CONSTANT_CONVERSION = YES;
				CLANG_WARN_DEPRECATED_OBJC_IMPLEMENTATIONS = YES;
				CLANG_WARN_DIRECT_OBJC_ISA_USAGE = YES_ERROR;
				CLANG_WARN_DOCUMENTATION_COMMENTS = YES;
				CLANG_WARN_EMPTY_BODY = YES;
				CLANG_WARN_ENUM_CONVERSION = YES;
				CLANG_WARN_INFINITE_RECURSION = YES;
				CLANG_WARN_INT_CONVERSION = YES;
				CLANG_WARN_NON_LITERAL_NULL_CONVERSION = YES;
				CLANG_WARN_OBJC_IMPLICIT_RETAIN_SELF = YES;
				CLANG_WARN_OBJC_LITERAL_CONVERSION = YES;
				CLANG_WARN_OBJC_ROOT_CLASS = YES_ERROR;
				CLANG_WARN_QUOTED_INCLUDE_IN_FRAMEWORK_HEADER = YES;
				CLANG_WARN_RANGE_LOOP_ANALYSIS = YES;
				CLANG_WARN_STRICT_PROTOTYPES = YES;
				CLANG_WARN_SUSPICIOUS_MOVE = YES;
				CLANG_WARN_UNGUARDED_AVAILABILITY = YES_AGGRESSIVE;
				CLANG_WARN_UNREACHABLE_CODE = YES;
				CLANG_WARN__DUPLICATE_METHOD_MATCH = YES;
				COPY_PHASE_STRIP = NO;
				DEBUG_INFORMATION_FORMAT = "dwarf-with-dsym";
				ENABLE_NS_ASSERTIONS = NO;
				ENABLE_STRICT_OBJC_MSGSEND = YES;
				GCC_C_LANGUAGE_STANDARD = gnu11;
				GCC_NO_COMMON_BLOCKS = YES;
				GCC_WARN_64_TO_32_BIT_CONVERSION = YES;
				GCC_WARN_ABOUT_RETURN_TYPE = YES_ERROR;
				GCC_WARN_UNDECLARED_SELECTOR = YES;
				GCC_WARN_UNINITIALIZED_AUTOS = YES_AGGRESSIVE;
				GCC_WARN_UNUSED_FUNCTION = YES;
				GCC_WARN_UNUSED_VARIABLE = YES;
				IPHONEOS_DEPLOYMENT_TARGET = 14.3;
				MTL_ENABLE_DEBUG_INFO = NO;
				MTL_FAST_MATH = YES;
				SDKROOT = iphoneos;
				SWIFT_COMPILATION_MODE = wholemodule;
				SWIFT_OPTIMIZATION_LEVEL = "-O";
				VALIDATE_PRODUCT = YES;
			};
			name = Release;
		};
		110FCF31266D32DE00316254 /* Debug */ = {
			isa = XCBuildConfiguration;
			buildSettings = {
				ASSETCATALOG_COMPILER_APPICON_NAME = AppIcon;
				ASSETCATALOG_COMPILER_GLOBAL_ACCENT_COLOR_NAME = AccentColor;
				CODE_SIGN_STYLE = Automatic;
				DEVELOPMENT_TEAM = 8SM9A2F6Y9;
				INFOPLIST_FILE = GViagens/Info.plist;
				LD_RUNPATH_SEARCH_PATHS = (
					"$(inherited)",
					"@executable_path/Frameworks",
				);
				PRODUCT_BUNDLE_IDENTIFIER = br.com.gsantos.GViagens;
				PRODUCT_NAME = "$(TARGET_NAME)";
				SWIFT_VERSION = 5.0;
				TARGETED_DEVICE_FAMILY = "1,2";
			};
			name = Debug;
		};
		110FCF32266D32DE00316254 /* Release */ = {
			isa = XCBuildConfiguration;
			buildSettings = {
				ASSETCATALOG_COMPILER_APPICON_NAME = AppIcon;
				ASSETCATALOG_COMPILER_GLOBAL_ACCENT_COLOR_NAME = AccentColor;
				CODE_SIGN_STYLE = Automatic;
				DEVELOPMENT_TEAM = 8SM9A2F6Y9;
				INFOPLIST_FILE = GViagens/Info.plist;
				LD_RUNPATH_SEARCH_PATHS = (
					"$(inherited)",
					"@executable_path/Frameworks",
				);
				PRODUCT_BUNDLE_IDENTIFIER = br.com.gsantos.GViagens;
				PRODUCT_NAME = "$(TARGET_NAME)";
				SWIFT_VERSION = 5.0;
				TARGETED_DEVICE_FAMILY = "1,2";
			};
			name = Release;
		};
/* End XCBuildConfiguration section */

/* Begin XCConfigurationList section */
		110FCF17266D32DC00316254 /* Build configuration list for PBXProject "GViagens" */ = {
			isa = XCConfigurationList;
			buildConfigurations = (
				110FCF2E266D32DE00316254 /* Debug */,
				110FCF2F266D32DE00316254 /* Release */,
			);
			defaultConfigurationIsVisible = 0;
			defaultConfigurationName = Release;
		};
		110FCF30266D32DE00316254 /* Build configuration list for PBXNativeTarget "GViagens" */ = {
			isa = XCConfigurationList;
			buildConfigurations = (
				110FCF31266D32DE00316254 /* Debug */,
				110FCF32266D32DE00316254 /* Release */,
			);
			defaultConfigurationIsVisible = 0;
			defaultConfigurationName = Release;
		};
/* End XCConfigurationList section */
	};
	rootObject = 110FCF14266D32DC00316254 /* Project object */;
}
